
Microsoft Visual Studio Solution File, Format Version 12.00
# Visual Studio Version 17
VisualStudioVersion = 17.5.33414.496
MinimumVisualStudioVersion = 10.0.40219.1
Project("{8BC9CEB8-8B4A-11D0-8D11-00A0C91BC942}") = "Tutorial6", "Tutorial6.vcxproj", "{A725F94E-1F20-47F3-B085-D391F9621516}"
EndProject
Global
	GlobalSection(SolutionConfigurationPlatforms) = preSolution
		Debug|x64 = Debug|x64
		Debug|x86 = Debug|x86
		Release|x64 = Release|x64
		Release|x86 = Release|x86
	EndGlobalSection
	GlobalSection(ProjectConfigurationPlatforms) = postSolution
		{A725F94E-1F20-47F3-B085-D391F9621516}.Debug|x64.ActiveCfg = Debug|x64
		{A725F94E-1F20-47F3-B085-D391F9621516}.Debug|x64.Build.0 = Debug|x64
		{A725F94E-1F20-47F3-B085-D391F9621516}.Debug|x86.ActiveCfg = Debug|Win32
		{A725F94E-1F20-47F3-B085-D391F9621516}.Debug|x86.Build.0 = Debug|Win32
		{A725F94E-1F20-47F3-B085-D391F9621516}.Release|x64.ActiveCfg = Release|x64
		{A725F94E-1F20-47F3-B085-D391F9621516}.Release|x64.Build.0 = Release|x64
		{A725F94E-1F20-47F3-B085-D391F9621516}.Release|x86.ActiveCfg = Release|Win32
		{A725F94E-1F20-47F3-B085-D391F9621516}.Release|x86.Build.0 = Release|Win32
	EndGlobalSection
	GlobalSection(SolutionProperties) = preSolution
		HideSolutionNode = FALSE
	EndGlobalSection
	GlobalSection(ExtensibilityGlobals) = postSolution
		SolutionGuid = {08FA81C7-A0F2-4E39-9EBD-6EED6D81E626}
	EndGlobalSection
EndGlobal
