
Microsoft Visual Studio Solution File, Format Version 12.00
# Visual Studio Version 17
VisualStudioVersion = 17.5.33627.172
MinimumVisualStudioVersion = 10.0.40219.1
Project("{8BC9CEB8-8B4A-11D0-8D11-00A0C91BC942}") = "problem4", "problem4.vcxproj", "{881C40D7-34BE-4941-BE96-2DA73F0DD8B6}"
EndProject
Global
	GlobalSection(SolutionConfigurationPlatforms) = preSolution
		Debug|x64 = Debug|x64
		Debug|x86 = Debug|x86
		Release|x64 = Release|x64
		Release|x86 = Release|x86
	EndGlobalSection
	GlobalSection(ProjectConfigurationPlatforms) = postSolution
		{881C40D7-34BE-4941-BE96-2DA73F0DD8B6}.Debug|x64.ActiveCfg = Debug|x64
		{881C40D7-34BE-4941-BE96-2DA73F0DD8B6}.Debug|x64.Build.0 = Debug|x64
		{881C40D7-34BE-4941-BE96-2DA73F0DD8B6}.Debug|x86.ActiveCfg = Debug|Win32
		{881C40D7-34BE-4941-BE96-2DA73F0DD8B6}.Debug|x86.Build.0 = Debug|Win32
		{881C40D7-34BE-4941-BE96-2DA73F0DD8B6}.Release|x64.ActiveCfg = Release|x64
		{881C40D7-34BE-4941-BE96-2DA73F0DD8B6}.Release|x64.Build.0 = Release|x64
		{881C40D7-34BE-4941-BE96-2DA73F0DD8B6}.Release|x86.ActiveCfg = Release|Win32
		{881C40D7-34BE-4941-BE96-2DA73F0DD8B6}.Release|x86.Build.0 = Release|Win32
	EndGlobalSection
	GlobalSection(SolutionProperties) = preSolution
		HideSolutionNode = FALSE
	EndGlobalSection
	GlobalSection(ExtensibilityGlobals) = postSolution
		SolutionGuid = {104B638A-C1AE-442C-A290-6DFA90F2937E}
	EndGlobalSection
EndGlobal
